
Microsoft Visual Studio Solution File, Format Version 12.00
# Visual Studio Version 16
VisualStudioVersion = 16.0.30320.27
MinimumVisualStudioVersion = 10.0.40219.1
Project("{FAE04EC0-301F-11D3-BF4B-00C04F79EFBC}") = "DocsCorp", "DocsCorp\DocsCorp.csproj", "{D4D2F110-1FEA-44A7-8D4A-65C33A663986}"
EndProject
Project("{FAE04EC0-301F-11D3-BF4B-00C04F79EFBC}") = "CommandExecutor", "CommandExecutor\CommandExecutor.csproj", "{DC0EF0CF-EA1B-4C83-9FDA-BDDD6E386276}"
EndProject
Global
	GlobalSection(SolutionConfigurationPlatforms) = preSolution
		Debug|Any CPU = Debug|Any CPU
		Release|Any CPU = Release|Any CPU
	EndGlobalSection
	GlobalSection(ProjectConfigurationPlatforms) = postSolution
		{D4D2F110-1FEA-44A7-8D4A-65C33A663986}.Debug|Any CPU.ActiveCfg = Debug|Any CPU
		{D4D2F110-1FEA-44A7-8D4A-65C33A663986}.Debug|Any CPU.Build.0 = Debug|Any CPU
		{D4D2F110-1FEA-44A7-8D4A-65C33A663986}.Release|Any CPU.ActiveCfg = Release|Any CPU
		{D4D2F110-1FEA-44A7-8D4A-65C33A663986}.Release|Any CPU.Build.0 = Release|Any CPU
		{DC0EF0CF-EA1B-4C83-9FDA-BDDD6E386276}.Debug|Any CPU.ActiveCfg = Debug|Any CPU
		{DC0EF0CF-EA1B-4C83-9FDA-BDDD6E386276}.Debug|Any CPU.Build.0 = Debug|Any CPU
		{DC0EF0CF-EA1B-4C83-9FDA-BDDD6E386276}.Release|Any CPU.ActiveCfg = Release|Any CPU
		{DC0EF0CF-EA1B-4C83-9FDA-BDDD6E386276}.Release|Any CPU.Build.0 = Release|Any CPU
	EndGlobalSection
	GlobalSection(SolutionProperties) = preSolution
		HideSolutionNode = FALSE
	EndGlobalSection
	GlobalSection(ExtensibilityGlobals) = postSolution
		SolutionGuid = {A8D67BC7-3E65-410C-B73C-04DE1A8F88F4}
	EndGlobalSection
EndGlobal
